
Microsoft Visual Studio Solution File, Format Version 12.00
# Visual Studio Version 17
VisualStudioVersion = 17.0.31903.59
MinimumVisualStudioVersion = 10.0.40219.1
Project("{FAE04EC0-301F-11D3-BF4B-00C04F79EFBC}") = "Core", "Core\Core.csproj", "{487688ED-38F7-46BC-AEE3-5614F725C56C}"
EndProject
Project("{FAE04EC0-301F-11D3-BF4B-00C04F79EFBC}") = "FitrackPro.Tests", "FitrackPro.Tests\FitrackPro.Tests.csproj", "{C701FC5F-6F8B-4F56-B663-B1309C01163B}"
EndProject
Project("{FAE04EC0-301F-11D3-BF4B-00C04F79EFBC}") = "App", "App\App.csproj", "{1A7A6865-2FFF-4AEF-A610-2280D66763E1}"
EndProject
Global
	GlobalSection(SolutionConfigurationPlatforms) = preSolution
		Debug|Any CPU = Debug|Any CPU
		Release|Any CPU = Release|Any CPU
	EndGlobalSection
	GlobalSection(SolutionProperties) = preSolution
		HideSolutionNode = FALSE
	EndGlobalSection
	GlobalSection(ProjectConfigurationPlatforms) = postSolution
		{487688ED-38F7-46BC-AEE3-5614F725C56C}.Debug|Any CPU.ActiveCfg = Debug|Any CPU
		{487688ED-38F7-46BC-AEE3-5614F725C56C}.Debug|Any CPU.Build.0 = Debug|Any CPU
		{487688ED-38F7-46BC-AEE3-5614F725C56C}.Release|Any CPU.ActiveCfg = Release|Any CPU
		{487688ED-38F7-46BC-AEE3-5614F725C56C}.Release|Any CPU.Build.0 = Release|Any CPU
		{C701FC5F-6F8B-4F56-B663-B1309C01163B}.Debug|Any CPU.ActiveCfg = Debug|Any CPU
		{C701FC5F-6F8B-4F56-B663-B1309C01163B}.Debug|Any CPU.Build.0 = Debug|Any CPU
		{C701FC5F-6F8B-4F56-B663-B1309C01163B}.Release|Any CPU.ActiveCfg = Release|Any CPU
		{C701FC5F-6F8B-4F56-B663-B1309C01163B}.Release|Any CPU.Build.0 = Release|Any CPU
		{1A7A6865-2FFF-4AEF-A610-2280D66763E1}.Debug|Any CPU.ActiveCfg = Debug|Any CPU
		{1A7A6865-2FFF-4AEF-A610-2280D66763E1}.Debug|Any CPU.Build.0 = Debug|Any CPU
		{1A7A6865-2FFF-4AEF-A610-2280D66763E1}.Release|Any CPU.ActiveCfg = Release|Any CPU
		{1A7A6865-2FFF-4AEF-A610-2280D66763E1}.Release|Any CPU.Build.0 = Release|Any CPU
	EndGlobalSection
EndGlobal
